{
  "requires": true,
  "lockfileVersion": 1,
  "dependencies": {
    "clsx": {
      "version": "1.1.1",
      "resolved": "https://registry.npmjs.org/clsx/-/clsx-1.1.1.tgz",
      "integrity": "sha512-6/bPho624p3S2pMyvP5kKBPXnI3ufHLObBFCfgx+LkeR5lg2XYy2hqZqUf45ypD8COn2bhgGJSUE+l5dhNBieA=="
    },
    "react-toastify": {
      "version": "8.0.2",
      "resolved": "https://registry.npmjs.org/react-toastify/-/react-toastify-8.0.2.tgz",
      "integrity": "sha512-0Nud2d0VD4LIevgkB4L8NYoQ5plTpfqgj2CRVxs58SGA/TTO+2Ojz4C1bLUdGUWsw0zuWqd4GJqxNuMIv0cXMw==",
      "requires": {
        "clsx": "^1.1.1"
      }
    }
  }
}
